
Microsoft Visual Studio Solution File, Format Version 12.00
# Visual Studio Version 17
VisualStudioVersion = 17.1.32421.90
MinimumVisualStudioVersion = 10.0.40219.1
Project("{9A19103F-16F7-4668-BE54-9A1E7A4F7556}") = "familymapping", "FamilyPlanning\familymapping.csproj", "{B799575F-909A-4D0E-A7A8-8C7BAE49B1FE}"
EndProject
Project("{9A19103F-16F7-4668-BE54-9A1E7A4F7556}") = "FamilyBusiness", "FamilyBusiness\FamilyBusiness.csproj", "{DE9C2997-5475-42A9-8969-BC701D9FF9EA}"
EndProject
Project("{9A19103F-16F7-4668-BE54-9A1E7A4F7556}") = "FamilyRepository", "FamilyRepository\FamilyRepository.csproj", "{1CE685B0-31F1-4473-802A-B761ADC8F7AF}"
EndProject
Project("{9A19103F-16F7-4668-BE54-9A1E7A4F7556}") = "FamilyModels", "FamilyModels\FamilyModels.csproj", "{631E6925-CDE2-413F-B1D5-A663D940AAAC}"
EndProject
Project("{FAE04EC0-301F-11D3-BF4B-00C04F79EFBC}") = "Tests.FamilyMapping", "Tests.FamilyMApping\Tests.FamilyMapping.csproj", "{9644DF41-D7EA-4135-A078-5DEE54B3BD50}"
EndProject
Global
	GlobalSection(SolutionConfigurationPlatforms) = preSolution
		Debug|Any CPU = Debug|Any CPU
		Release|Any CPU = Release|Any CPU
	EndGlobalSection
	GlobalSection(ProjectConfigurationPlatforms) = postSolution
		{B799575F-909A-4D0E-A7A8-8C7BAE49B1FE}.Debug|Any CPU.ActiveCfg = Debug|Any CPU
		{B799575F-909A-4D0E-A7A8-8C7BAE49B1FE}.Debug|Any CPU.Build.0 = Debug|Any CPU
		{B799575F-909A-4D0E-A7A8-8C7BAE49B1FE}.Release|Any CPU.ActiveCfg = Release|Any CPU
		{B799575F-909A-4D0E-A7A8-8C7BAE49B1FE}.Release|Any CPU.Build.0 = Release|Any CPU
		{DE9C2997-5475-42A9-8969-BC701D9FF9EA}.Debug|Any CPU.ActiveCfg = Debug|Any CPU
		{DE9C2997-5475-42A9-8969-BC701D9FF9EA}.Debug|Any CPU.Build.0 = Debug|Any CPU
		{DE9C2997-5475-42A9-8969-BC701D9FF9EA}.Release|Any CPU.ActiveCfg = Release|Any CPU
		{DE9C2997-5475-42A9-8969-BC701D9FF9EA}.Release|Any CPU.Build.0 = Release|Any CPU
		{1CE685B0-31F1-4473-802A-B761ADC8F7AF}.Debug|Any CPU.ActiveCfg = Debug|Any CPU
		{1CE685B0-31F1-4473-802A-B761ADC8F7AF}.Debug|Any CPU.Build.0 = Debug|Any CPU
		{1CE685B0-31F1-4473-802A-B761ADC8F7AF}.Release|Any CPU.ActiveCfg = Release|Any CPU
		{1CE685B0-31F1-4473-802A-B761ADC8F7AF}.Release|Any CPU.Build.0 = Release|Any CPU
		{631E6925-CDE2-413F-B1D5-A663D940AAAC}.Debug|Any CPU.ActiveCfg = Debug|Any CPU
		{631E6925-CDE2-413F-B1D5-A663D940AAAC}.Debug|Any CPU.Build.0 = Debug|Any CPU
		{631E6925-CDE2-413F-B1D5-A663D940AAAC}.Release|Any CPU.ActiveCfg = Release|Any CPU
		{631E6925-CDE2-413F-B1D5-A663D940AAAC}.Release|Any CPU.Build.0 = Release|Any CPU
		{9644DF41-D7EA-4135-A078-5DEE54B3BD50}.Debug|Any CPU.ActiveCfg = Debug|Any CPU
		{9644DF41-D7EA-4135-A078-5DEE54B3BD50}.Debug|Any CPU.Build.0 = Debug|Any CPU
		{9644DF41-D7EA-4135-A078-5DEE54B3BD50}.Release|Any CPU.ActiveCfg = Release|Any CPU
		{9644DF41-D7EA-4135-A078-5DEE54B3BD50}.Release|Any CPU.Build.0 = Release|Any CPU
	EndGlobalSection
	GlobalSection(SolutionProperties) = preSolution
		HideSolutionNode = FALSE
	EndGlobalSection
	GlobalSection(ExtensibilityGlobals) = postSolution
		SolutionGuid = {434D39E2-D8FE-4D6E-A93E-E09FCCCF28E6}
	EndGlobalSection
EndGlobal
