
Microsoft Visual Studio Solution File, Format Version 12.00
# Visual Studio Version 16
VisualStudioVersion = 16.0.30114.105
MinimumVisualStudioVersion = 10.0.40219.1
Project("{FAE04EC0-301F-11D3-BF4B-00C04F79EFBC}") = "CalculatorSolidDemo", "CalculatorSolidDemo\CalculatorSolidDemo.csproj", "{258FC053-7432-4F18-BCF2-C93B432BF434}"
EndProject
Project("{FAE04EC0-301F-11D3-BF4B-00C04F79EFBC}") = "Test.CalculatorSolidDemo", "Test.CalculatorSolidDemo\Test.CalculatorSolidDemo.csproj", "{6C9CF82B-4BAD-41CB-86FE-5FC5CED5191F}"
EndProject
Global
	GlobalSection(SolutionConfigurationPlatforms) = preSolution
		Debug|Any CPU = Debug|Any CPU
		Release|Any CPU = Release|Any CPU
	EndGlobalSection
	GlobalSection(SolutionProperties) = preSolution
		HideSolutionNode = FALSE
	EndGlobalSection
	GlobalSection(ProjectConfigurationPlatforms) = postSolution
		{258FC053-7432-4F18-BCF2-C93B432BF434}.Debug|Any CPU.ActiveCfg = Debug|Any CPU
		{258FC053-7432-4F18-BCF2-C93B432BF434}.Debug|Any CPU.Build.0 = Debug|Any CPU
		{258FC053-7432-4F18-BCF2-C93B432BF434}.Release|Any CPU.ActiveCfg = Release|Any CPU
		{258FC053-7432-4F18-BCF2-C93B432BF434}.Release|Any CPU.Build.0 = Release|Any CPU
		{6C9CF82B-4BAD-41CB-86FE-5FC5CED5191F}.Debug|Any CPU.ActiveCfg = Debug|Any CPU
		{6C9CF82B-4BAD-41CB-86FE-5FC5CED5191F}.Debug|Any CPU.Build.0 = Debug|Any CPU
		{6C9CF82B-4BAD-41CB-86FE-5FC5CED5191F}.Release|Any CPU.ActiveCfg = Release|Any CPU
		{6C9CF82B-4BAD-41CB-86FE-5FC5CED5191F}.Release|Any CPU.Build.0 = Release|Any CPU
	EndGlobalSection
EndGlobal
